
Microsoft Visual Studio Solution File, Format Version 12.00
# Visual Studio Version 17
VisualStudioVersion = 17.4.33110.190
MinimumVisualStudioVersion = 10.0.40219.1
Project("{FAE04EC0-301F-11D3-BF4B-00C04F79EFBC}") = "WpfApp1", "WpfApp1\WpfApp1.csproj", "{22EFB6EB-17FE-4D53-B7CC-BB09123CCAAA}"
EndProject
Global
	GlobalSection(SolutionConfigurationPlatforms) = preSolution
		Debug|Any CPU = Debug|Any CPU
		Release|Any CPU = Release|Any CPU
	EndGlobalSection
	GlobalSection(ProjectConfigurationPlatforms) = postSolution
		{22EFB6EB-17FE-4D53-B7CC-BB09123CCAAA}.Debug|Any CPU.ActiveCfg = Debug|Any CPU
		{22EFB6EB-17FE-4D53-B7CC-BB09123CCAAA}.Debug|Any CPU.Build.0 = Debug|Any CPU
		{22EFB6EB-17FE-4D53-B7CC-BB09123CCAAA}.Release|Any CPU.ActiveCfg = Release|Any CPU
		{22EFB6EB-17FE-4D53-B7CC-BB09123CCAAA}.Release|Any CPU.Build.0 = Release|Any CPU
	EndGlobalSection
	GlobalSection(SolutionProperties) = preSolution
		HideSolutionNode = FALSE
	EndGlobalSection
	GlobalSection(ExtensibilityGlobals) = postSolution
		SolutionGuid = {57BCB2B5-6BE9-40E0-9DA6-B996D07E0773}
	EndGlobalSection
EndGlobal
